
Microsoft Visual Studio Solution File, Format Version 12.00
# Visual Studio Version 17
VisualStudioVersion = 17.3.32929.385
MinimumVisualStudioVersion = 10.0.40219.1
Project("{FAE04EC0-301F-11D3-BF4B-00C04F79EFBC}") = "Ihor_Projekt_Game", "Ihor_Projekt_Game.csproj", "{2EE1B29E-F1CB-450D-9CEE-636C6C3EE136}"
EndProject
Global
	GlobalSection(SolutionConfigurationPlatforms) = preSolution
		Debug|Any CPU = Debug|Any CPU
		Release|Any CPU = Release|Any CPU
	EndGlobalSection
	GlobalSection(ProjectConfigurationPlatforms) = postSolution
		{2EE1B29E-F1CB-450D-9CEE-636C6C3EE136}.Debug|Any CPU.ActiveCfg = Debug|Any CPU
		{2EE1B29E-F1CB-450D-9CEE-636C6C3EE136}.Debug|Any CPU.Build.0 = Debug|Any CPU
		{2EE1B29E-F1CB-450D-9CEE-636C6C3EE136}.Release|Any CPU.ActiveCfg = Release|Any CPU
		{2EE1B29E-F1CB-450D-9CEE-636C6C3EE136}.Release|Any CPU.Build.0 = Release|Any CPU
	EndGlobalSection
	GlobalSection(SolutionProperties) = preSolution
		HideSolutionNode = FALSE
	EndGlobalSection
	GlobalSection(ExtensibilityGlobals) = postSolution
		SolutionGuid = {B0511E49-5EEF-4655-A278-4A698EF9D98D}
	EndGlobalSection
EndGlobal
